
Microsoft Visual Studio Solution File, Format Version 12.00
# Visual Studio Version 17
VisualStudioVersion = 17.9.34728.123
MinimumVisualStudioVersion = 10.0.40219.1
Project("{FAE04EC0-301F-11D3-BF4B-00C04F79EFBC}") = "ApiFinance", "ApiFinance\ApiFinance.csproj", "{28F08F85-F5F4-4F20-B385-F481E865069E}"
EndProject
Global
	GlobalSection(SolutionConfigurationPlatforms) = preSolution
		Debug|Any CPU = Debug|Any CPU
		Release|Any CPU = Release|Any CPU
	EndGlobalSection
	GlobalSection(ProjectConfigurationPlatforms) = postSolution
		{28F08F85-F5F4-4F20-B385-F481E865069E}.Debug|Any CPU.ActiveCfg = Debug|Any CPU
		{28F08F85-F5F4-4F20-B385-F481E865069E}.Debug|Any CPU.Build.0 = Debug|Any CPU
		{28F08F85-F5F4-4F20-B385-F481E865069E}.Release|Any CPU.ActiveCfg = Release|Any CPU
		{28F08F85-F5F4-4F20-B385-F481E865069E}.Release|Any CPU.Build.0 = Release|Any CPU
	EndGlobalSection
	GlobalSection(SolutionProperties) = preSolution
		HideSolutionNode = FALSE
	EndGlobalSection
	GlobalSection(ExtensibilityGlobals) = postSolution
		SolutionGuid = {F190E65E-AEB4-4502-A746-2533215A27D8}
	EndGlobalSection
EndGlobal
